Microsoft Visual Studio Solution File, Format Version 10.00
# Visual Studio 2008
Project("{8BC9CEB8-8B4A-11D0-8D11-00A0C91BC942}") = "ALL_BUILD", "ALL_BUILD.vcproj", "{FAAE8749-1385-303E-9A6F-9BCCFD0CC690}"
	ProjectSection(ProjectDependencies) = postProject
		{C5D94B31-C1E3-370C-8B31-8035BA8F6E05} = {C5D94B31-C1E3-370C-8B31-8035BA8F6E05}
		{AF48DC1C-56D5-3283-9169-DA54D57E2DD2} = {AF48DC1C-56D5-3283-9169-DA54D57E2DD2}
	EndProjectSection
EndProject
Project("{8BC9CEB8-8B4A-11D0-8D11-00A0C91BC942}") = "INSTALL", "INSTALL.vcproj", "{4D766B66-9766-32E5-B72C-602A4E7FF11F}"
	ProjectSection(ProjectDependencies) = postProject
		{FAAE8749-1385-303E-9A6F-9BCCFD0CC690} = {FAAE8749-1385-303E-9A6F-9BCCFD0CC690}
		{C5D94B31-C1E3-370C-8B31-8035BA8F6E05} = {C5D94B31-C1E3-370C-8B31-8035BA8F6E05}
	EndProjectSection
EndProject
Project("{8BC9CEB8-8B4A-11D0-8D11-00A0C91BC942}") = "ZERO_CHECK", "ZERO_CHECK.vcproj", "{C5D94B31-C1E3-370C-8B31-8035BA8F6E05}"
	ProjectSection(ProjectDependencies) = postProject
	EndProjectSection
EndProject
Project("{8BC9CEB8-8B4A-11D0-8D11-00A0C91BC942}") = "charsetdetect", "charsetdetect.vcproj", "{AF48DC1C-56D5-3283-9169-DA54D57E2DD2}"
	ProjectSection(ProjectDependencies) = postProject
		{C5D94B31-C1E3-370C-8B31-8035BA8F6E05} = {C5D94B31-C1E3-370C-8B31-8035BA8F6E05}
	EndProjectSection
EndProject
Global
	GlobalSection(SolutionConfigurationPlatforms) = preSolution
		Debug|Win32 = Debug|Win32
		Release|Win32 = Release|Win32
		MinSizeRel|Win32 = MinSizeRel|Win32
		RelWithDebInfo|Win32 = RelWithDebInfo|Win32
	EndGlobalSection
	GlobalSection(ProjectConfigurationPlatforms) = postSolution
		{FAAE8749-1385-303E-9A6F-9BCCFD0CC690}.Debug|Win32.ActiveCfg = Debug|Win32
		{FAAE8749-1385-303E-9A6F-9BCCFD0CC690}.Debug|Win32.Build.0 = Debug|Win32
		{FAAE8749-1385-303E-9A6F-9BCCFD0CC690}.Release|Win32.ActiveCfg = Release|Win32
		{FAAE8749-1385-303E-9A6F-9BCCFD0CC690}.Release|Win32.Build.0 = Release|Win32
		{FAAE8749-1385-303E-9A6F-9BCCFD0CC690}.MinSizeRel|Win32.ActiveCfg = MinSizeRel|Win32
		{FAAE8749-1385-303E-9A6F-9BCCFD0CC690}.MinSizeRel|Win32.Build.0 = MinSizeRel|Win32
		{FAAE8749-1385-303E-9A6F-9BCCFD0CC690}.RelWithDebInfo|Win32.ActiveCfg = RelWithDebInfo|Win32
		{FAAE8749-1385-303E-9A6F-9BCCFD0CC690}.RelWithDebInfo|Win32.Build.0 = RelWithDebInfo|Win32
		{4D766B66-9766-32E5-B72C-602A4E7FF11F}.Debug|Win32.ActiveCfg = Debug|Win32
		{4D766B66-9766-32E5-B72C-602A4E7FF11F}.Release|Win32.ActiveCfg = Release|Win32
		{4D766B66-9766-32E5-B72C-602A4E7FF11F}.MinSizeRel|Win32.ActiveCfg = MinSizeRel|Win32
		{4D766B66-9766-32E5-B72C-602A4E7FF11F}.RelWithDebInfo|Win32.ActiveCfg = RelWithDebInfo|Win32
		{C5D94B31-C1E3-370C-8B31-8035BA8F6E05}.Debug|Win32.ActiveCfg = Debug|Win32
		{C5D94B31-C1E3-370C-8B31-8035BA8F6E05}.Debug|Win32.Build.0 = Debug|Win32
		{C5D94B31-C1E3-370C-8B31-8035BA8F6E05}.Release|Win32.ActiveCfg = Release|Win32
		{C5D94B31-C1E3-370C-8B31-8035BA8F6E05}.Release|Win32.Build.0 = Release|Win32
		{C5D94B31-C1E3-370C-8B31-8035BA8F6E05}.MinSizeRel|Win32.ActiveCfg = MinSizeRel|Win32
		{C5D94B31-C1E3-370C-8B31-8035BA8F6E05}.MinSizeRel|Win32.Build.0 = MinSizeRel|Win32
		{C5D94B31-C1E3-370C-8B31-8035BA8F6E05}.RelWithDebInfo|Win32.ActiveCfg = RelWithDebInfo|Win32
		{C5D94B31-C1E3-370C-8B31-8035BA8F6E05}.RelWithDebInfo|Win32.Build.0 = RelWithDebInfo|Win32
		{AF48DC1C-56D5-3283-9169-DA54D57E2DD2}.Debug|Win32.ActiveCfg = Debug|Win32
		{AF48DC1C-56D5-3283-9169-DA54D57E2DD2}.Debug|Win32.Build.0 = Debug|Win32
		{AF48DC1C-56D5-3283-9169-DA54D57E2DD2}.Release|Win32.ActiveCfg = Release|Win32
		{AF48DC1C-56D5-3283-9169-DA54D57E2DD2}.Release|Win32.Build.0 = Release|Win32
		{AF48DC1C-56D5-3283-9169-DA54D57E2DD2}.MinSizeRel|Win32.ActiveCfg = MinSizeRel|Win32
		{AF48DC1C-56D5-3283-9169-DA54D57E2DD2}.MinSizeRel|Win32.Build.0 = MinSizeRel|Win32
		{AF48DC1C-56D5-3283-9169-DA54D57E2DD2}.RelWithDebInfo|Win32.ActiveCfg = RelWithDebInfo|Win32
		{AF48DC1C-56D5-3283-9169-DA54D57E2DD2}.RelWithDebInfo|Win32.Build.0 = RelWithDebInfo|Win32
	EndGlobalSection
	GlobalSection(ExtensibilityGlobals) = postSolution
	EndGlobalSection
	GlobalSection(ExtensibilityAddIns) = postSolution
	EndGlobalSection
EndGlobal
