<?xml version="1.0" encoding="UTF-8"?>
<Project ToolsVersion="12.0" xmlns="http://schemas.microsoft.com/developer/msbuild/2003">
  <ItemGroup>
    <CustomBuild Include="E:\MyDoc\Work\Sample\libcharsetdetect_20140528\prj\2013\CMakeFiles\c4fe578286dd10505fd3ada5b0ccc2ee\INSTALL_force.rule">
      <Filter>CMake Rules</Filter>
    </CustomBuild>
  </ItemGroup>
  <ItemGroup>
    <Filter Include="CMake Rules">
      <UniqueIdentifier>{B6B494A4-31D0-3855-A4FE-4E0445177829}</UniqueIdentifier>
    </Filter>
  </ItemGroup>
</Project>
